
Microsoft Visual Studio Solution File, Format Version 12.00
# Visual Studio 15
VisualStudioVersion = 15.0.28307.168
MinimumVisualStudioVersion = 10.0.40219.1
Project("{FAE04EC0-301F-11D3-BF4B-00C04F79EFBC}") = "高校成绩管理系统", "高校成绩管理系统\高校成绩管理系统.csproj", "{8C298B8D-6576-4E52-BE95-0919DC2DBB67}"
EndProject
Global
	GlobalSection(SolutionConfigurationPlatforms) = preSolution
		Debug|Any CPU = Debug|Any CPU
		Release|Any CPU = Release|Any CPU
	EndGlobalSection
	GlobalSection(ProjectConfigurationPlatforms) = postSolution
		{8C298B8D-6576-4E52-BE95-0919DC2DBB67}.Debug|Any CPU.ActiveCfg = Debug|Any CPU
		{8C298B8D-6576-4E52-BE95-0919DC2DBB67}.Debug|Any CPU.Build.0 = Debug|Any CPU
		{8C298B8D-6576-4E52-BE95-0919DC2DBB67}.Release|Any CPU.ActiveCfg = Release|Any CPU
		{8C298B8D-6576-4E52-BE95-0919DC2DBB67}.Release|Any CPU.Build.0 = Release|Any CPU
	EndGlobalSection
	GlobalSection(SolutionProperties) = preSolution
		HideSolutionNode = FALSE
	EndGlobalSection
	GlobalSection(ExtensibilityGlobals) = postSolution
		SolutionGuid = {87BD7371-A090-4B1F-AFDE-B50599C14DFF}
	EndGlobalSection
EndGlobal
